
Microsoft Visual Studio Solution File, Format Version 12.00
# Visual Studio Version 16
VisualStudioVersion = 16.0.30517.126
MinimumVisualStudioVersion = 10.0.40219.1
Project("{FAE04EC0-301F-11D3-BF4B-00C04F79EFBC}") = "BackendService", "BackendService\BackendService.csproj", "{1C605C1B-22DE-4568-9CBF-C4FFDD47D6ED}"
EndProject
Global
	GlobalSection(SolutionConfigurationPlatforms) = preSolution
		Debug|Any CPU = Debug|Any CPU
		Release|Any CPU = Release|Any CPU
	EndGlobalSection
	GlobalSection(ProjectConfigurationPlatforms) = postSolution
		{1C605C1B-22DE-4568-9CBF-C4FFDD47D6ED}.Debug|Any CPU.ActiveCfg = Debug|Any CPU
		{1C605C1B-22DE-4568-9CBF-C4FFDD47D6ED}.Debug|Any CPU.Build.0 = Debug|Any CPU
		{1C605C1B-22DE-4568-9CBF-C4FFDD47D6ED}.Release|Any CPU.ActiveCfg = Release|Any CPU
		{1C605C1B-22DE-4568-9CBF-C4FFDD47D6ED}.Release|Any CPU.Build.0 = Release|Any CPU
	EndGlobalSection
	GlobalSection(SolutionProperties) = preSolution
		HideSolutionNode = FALSE
	EndGlobalSection
	GlobalSection(ExtensibilityGlobals) = postSolution
		SolutionGuid = {39B0F9C6-4C05-416C-B314-67F19EA9F520}
	EndGlobalSection
EndGlobal
